
Microsoft Visual Studio Solution File, Format Version 12.00
# Visual Studio Version 17
VisualStudioVersion = 17.7.34018.315
MinimumVisualStudioVersion = 10.0.40219.1
Project("{8BC9CEB8-8B4A-11D0-8D11-00A0C91BC942}") = "actividadClases", "actividadClases\actividadClases.vcxproj", "{B0D54451-F870-42E6-B0C3-2DF06FE571EB}"
EndProject
Global
	GlobalSection(SolutionConfigurationPlatforms) = preSolution
		Debug|x64 = Debug|x64
		Debug|x86 = Debug|x86
		Release|x64 = Release|x64
		Release|x86 = Release|x86
	EndGlobalSection
	GlobalSection(ProjectConfigurationPlatforms) = postSolution
		{B0D54451-F870-42E6-B0C3-2DF06FE571EB}.Debug|x64.ActiveCfg = Debug|x64
		{B0D54451-F870-42E6-B0C3-2DF06FE571EB}.Debug|x64.Build.0 = Debug|x64
		{B0D54451-F870-42E6-B0C3-2DF06FE571EB}.Debug|x86.ActiveCfg = Debug|Win32
		{B0D54451-F870-42E6-B0C3-2DF06FE571EB}.Debug|x86.Build.0 = Debug|Win32
		{B0D54451-F870-42E6-B0C3-2DF06FE571EB}.Release|x64.ActiveCfg = Release|x64
		{B0D54451-F870-42E6-B0C3-2DF06FE571EB}.Release|x64.Build.0 = Release|x64
		{B0D54451-F870-42E6-B0C3-2DF06FE571EB}.Release|x86.ActiveCfg = Release|Win32
		{B0D54451-F870-42E6-B0C3-2DF06FE571EB}.Release|x86.Build.0 = Release|Win32
	EndGlobalSection
	GlobalSection(SolutionProperties) = preSolution
		HideSolutionNode = FALSE
	EndGlobalSection
	GlobalSection(ExtensibilityGlobals) = postSolution
		SolutionGuid = {97B620F9-F7D5-4985-9B98-D866831B59E7}
	EndGlobalSection
EndGlobal
